Microsoft Visual Studio Solution File, Format Version 12.00
# Visual Studio Version 17
VisualStudioVersion = 17.12.35506.116
MinimumVisualStudioVersion = 10.0.40219.1
Project("{FAE04EC0-301F-11D3-BF4B-00C04F79EFBC}") = "DurableStateMachines", "DurableStateMachines\DurableStateMachines.csproj", "{B3D6349F-A591-409D-BEC5-4557340F4D61}"
EndProject
Project("{FAE04EC0-301F-11D3-BF4B-00C04F79EFBC}") = "DurableStateMachines.Tests", "DurableStateMachines.Tests\DurableStateMachines.Tests.csproj", "{F2863845-167F-4CAD-9E75-10E628C8C59F}"
EndProject
Project("{2150E333-8FDC-42A3-9474-1A3956D46DE8}") = "playground", "playground", "{8F58FC27-92EF-4B9C-8E65-F1663DE04942}"
EndProject
Project("{FAE04EC0-301F-11D3-BF4B-00C04F79EFBC}") = "DurableStateMachines.CTS", "playground\DurableStateMachines.CTS\DurableStateMachines.CTS.csproj", "{2C91AFDD-4308-4491-949F-6578B856EEBE}"
EndProject
Global
	GlobalSection(SolutionConfigurationPlatforms) = preSolution
		Debug|Any CPU = Debug|Any CPU
		Release|Any CPU = Release|Any CPU
	EndGlobalSection
	GlobalSection(ProjectConfigurationPlatforms) = postSolution
		{B3D6349F-A591-409D-BEC5-4557340F4D61}.Debug|Any CPU.ActiveCfg = Debug|Any CPU
		{B3D6349F-A591-409D-BEC5-4557340F4D61}.Debug|Any CPU.Build.0 = Debug|Any CPU
		{B3D6349F-A591-409D-BEC5-4557340F4D61}.Release|Any CPU.ActiveCfg = Release|Any CPU
		{B3D6349F-A591-409D-BEC5-4557340F4D61}.Release|Any CPU.Build.0 = Release|Any CPU
		{F2863845-167F-4CAD-9E75-10E628C8C59F}.Debug|Any CPU.ActiveCfg = Debug|Any CPU
		{F2863845-167F-4CAD-9E75-10E628C8C59F}.Debug|Any CPU.Build.0 = Debug|Any CPU
		{F2863845-167F-4CAD-9E75-10E628C8C59F}.Release|Any CPU.ActiveCfg = Release|Any CPU
		{F2863845-167F-4CAD-9E75-10E628C8C59F}.Release|Any CPU.Build.0 = Release|Any CPU
		{2C91AFDD-4308-4491-949F-6578B856EEBE}.Debug|Any CPU.ActiveCfg = Debug|Any CPU
		{2C91AFDD-4308-4491-949F-6578B856EEBE}.Debug|Any CPU.Build.0 = Debug|Any CPU
		{2C91AFDD-4308-4491-949F-6578B856EEBE}.Release|Any CPU.ActiveCfg = Release|Any CPU
		{2C91AFDD-4308-4491-949F-6578B856EEBE}.Release|Any CPU.Build.0 = Release|Any CPU
	EndGlobalSection
	GlobalSection(SolutionProperties) = preSolution
		HideSolutionNode = FALSE
	EndGlobalSection
	GlobalSection(NestedProjects) = preSolution
		{2C91AFDD-4308-4491-949F-6578B856EEBE} = {8F58FC27-92EF-4B9C-8E65-F1663DE04942}
	EndGlobalSection
EndGlobal
